
Microsoft Visual Studio Solution File, Format Version 12.00
# Visual Studio Version 17
VisualStudioVersion = 17.3.32929.385
MinimumVisualStudioVersion = 10.0.40219.1
Project("{FAE04EC0-301F-11D3-BF4B-00C04F79EFBC}") = "jungleSafariWeb", "jungleSafariWeb\jungleSafariWeb.csproj", "{B78B743C-020A-413B-82DE-FD4DFECD1C58}"
EndProject
Project("{FAE04EC0-301F-11D3-BF4B-00C04F79EFBC}") = "webApi", "webApi\webApi.csproj", "{AE43DA7B-DDB8-492B-84FE-37E1CB5FE6FA}"
EndProject
Global
	GlobalSection(SolutionConfigurationPlatforms) = preSolution
		Debug|Any CPU = Debug|Any CPU
		Release|Any CPU = Release|Any CPU
	EndGlobalSection
	GlobalSection(ProjectConfigurationPlatforms) = postSolution
		{B78B743C-020A-413B-82DE-FD4DFECD1C58}.Debug|Any CPU.ActiveCfg = Debug|Any CPU
		{B78B743C-020A-413B-82DE-FD4DFECD1C58}.Debug|Any CPU.Build.0 = Debug|Any CPU
		{B78B743C-020A-413B-82DE-FD4DFECD1C58}.Release|Any CPU.ActiveCfg = Release|Any CPU
		{B78B743C-020A-413B-82DE-FD4DFECD1C58}.Release|Any CPU.Build.0 = Release|Any CPU
		{AE43DA7B-DDB8-492B-84FE-37E1CB5FE6FA}.Debug|Any CPU.ActiveCfg = Debug|Any CPU
		{AE43DA7B-DDB8-492B-84FE-37E1CB5FE6FA}.Debug|Any CPU.Build.0 = Debug|Any CPU
		{AE43DA7B-DDB8-492B-84FE-37E1CB5FE6FA}.Release|Any CPU.ActiveCfg = Release|Any CPU
		{AE43DA7B-DDB8-492B-84FE-37E1CB5FE6FA}.Release|Any CPU.Build.0 = Release|Any CPU
	EndGlobalSection
	GlobalSection(SolutionProperties) = preSolution
		HideSolutionNode = FALSE
	EndGlobalSection
	GlobalSection(ExtensibilityGlobals) = postSolution
		SolutionGuid = {47F19CE0-6241-4EFC-8F92-F2983703FDE5}
	EndGlobalSection
EndGlobal
